// !$*UTF8*$!
{
	archiveVersion = 1;
	classes = {
	};
	objectVersion = 46;
	objects = {

/* Begin PBXBuildFile section */
		A10493E41C1AD5BF00204BFC /* AppDelegate.swift in Sources */ = {isa = PBXBuildFile; fileRef = A10493E31C1AD5BF00204BFC /* AppDelegate.swift */; };
		A10493E61C1AD5BF00204BFC /* ViewController.swift in Sources */ = {isa = PBXBuildFile; fileRef = A10493E51C1AD5BF00204BFC /* ViewController.swift */; };
		A10493E91C1AD5BF00204BFC /* Main.storyboard in Resources */ = {isa = PBXBuildFile; fileRef = A10493E71C1AD5BF00204BFC /* Main.storyboard */; };
		A10493EB1C1AD5BF00204BFC /* Assets.xcassets in Resources */ = {isa = PBXBuildFile; fileRef = A10493EA1C1AD5BF00204BFC /* Assets.xcassets */; };
		A10493EE1C1AD5BF00204BFC /* LaunchScreen.storyboard in Resources */ = {isa = PBXBuildFile; fileRef = A10493EC1C1AD5BF00204BFC /* LaunchScreen.storyboard */; };
		A10493F91C1AD5BF00204BFC /* TochPodTests.swift in Sources */ = {isa = PBXBuildFile; fileRef = A10493F81C1AD5BF00204BFC /* TochPodTests.swift */; };
		A10494041C1AD5BF00204BFC /* TochPodUITests.swift in Sources */ = {isa = PBXBuildFile; fileRef = A10494031C1AD5BF00204BFC /* TochPodUITests.swift */; };
		A10494151C1AE3F000204BFC /* aria.mp3 in Resources */ = {isa = PBXBuildFile; fileRef = A10494121C1AE3F000204BFC /* aria.mp3 */; };
		A10494161C1AE3F000204BFC /* cannon.mp3 in Resources */ = {isa = PBXBuildFile; fileRef = A10494131C1AE3F000204BFC /* cannon.mp3 */; };
		A10494171C1AE3F000204BFC /* elise.mp3 in Resources */ = {isa = PBXBuildFile; fileRef = A10494141C1AE3F000204BFC /* elise.mp3 */; };
		A10494191C1AE42A00204BFC /* AVFoundation.framework in Frameworks */ = {isa = PBXBuildFile; fileRef = A10494181C1AE42A00204BFC /* AVFoundation.framework */; };
		A104941E1C1AE93E00204BFC /* Bach.jpg in Resources */ = {isa = PBXBuildFile; fileRef = A104941B1C1AE93E00204BFC /* Bach.jpg */; };
		A104941F1C1AE93E00204BFC /* Beethoven.jpg in Resources */ = {isa = PBXBuildFile; fileRef = A104941C1C1AE93E00204BFC /* Beethoven.jpg */; };
		A10494201C1AE93E00204BFC /* Pachelbel.jpg in Resources */ = {isa = PBXBuildFile; fileRef = A104941D1C1AE93E00204BFC /* Pachelbel.jpg */; };
		A1D158A31C1BB00F0042DFA0 /* Part of your World (japanese Version) ??????????????.mp3 in Resources */ = {isa = PBXBuildFile; fileRef = A1D158A21C1BB00F0042DFA0 /* Part of your World (japanese Version) ??????????????.mp3 */; };
		A1D158A91C1BB45D0042DFA0 /* 輝く未来.mp3 in Resources */ = {isa = PBXBuildFile; fileRef = A1D158A81C1BB45D0042DFA0 /* 輝く未来.mp3 */; };
		A1D158AD1C1BDDCC0042DFA0 /* lapunzel.jpg in Resources */ = {isa = PBXBuildFile; fileRef = A1D158AC1C1BDDCC0042DFA0 /* lapunzel.jpg */; };
		A1D158AF1C1BDE580042DFA0 /* ariel.jpg in Resources */ = {isa = PBXBuildFile; fileRef = A1D158AE1C1BDE580042DFA0 /* ariel.jpg */; };
		A1D158B31C1BEDD90042DFA0 /* くまのプーさん.mp3 in Resources */ = {isa = PBXBuildFile; fileRef = A1D158B21C1BEDD90042DFA0 /* くまのプーさん.mp3 */; };
		A1D158B51C1BEE950042DFA0 /* pooh.jpg in Resources */ = {isa = PBXBuildFile; fileRef = A1D158B41C1BEE950042DFA0 /* pooh.jpg */; };
		A1D158B71C1BEFB40042DFA0 /* アラジン.mp3 in Resources */ = {isa = PBXBuildFile; fileRef = A1D158B61C1BEFB40042DFA0 /* アラジン.mp3 */; };
		A1D158B91C1BF0E10042DFA0 /* aladdin.jpg in Resources */ = {isa = PBXBuildFile; fileRef = A1D158B81C1BF0E10042DFA0 /* aladdin.jpg */; };
		A1D158BB1C1BF3120042DFA0 /* ?????????????????????????.mp3 in Resources */ = {isa = PBXBuildFile; fileRef = A1D158BA1C1BF3120042DFA0 /* ?????????????????????????.mp3 */; };
		A1D158BD1C1BF3200042DFA0 /* チャンドゥ.jpg in Resources */ = {isa = PBXBuildFile; fileRef = A1D158BC1C1BF3200042DFA0 /* チャンドゥ.jpg */; };
		A1D158BF1C1BF4760042DFA0 /* Under the Sea .mp3 in Resources */ = {isa = PBXBuildFile; fileRef = A1D158BE1C1BF4760042DFA0 /* Under the Sea .mp3 */; };
		A1D158C11C1BF56C0042DFA0 /* Ariel2.jpg in Resources */ = {isa = PBXBuildFile; fileRef = A1D158C01C1BF56C0042DFA0 /* Ariel2.jpg */; };
		A1D158C31C1BF6B50042DFA0 /* pinokio.jpg in Resources */ = {isa = PBXBuildFile; fileRef = A1D158C21C1BF6B50042DFA0 /* pinokio.jpg */; };
		A1D158C51C1BF6BD0042DFA0 /* ピノキオ.mp3 in Resources */ = {isa = PBXBuildFile; fileRef = A1D158C41C1BF6BD0042DFA0 /* ピノキオ.mp3 */; };
		A1D158C91C1BFA770042DFA0 /* アナ雪.jpg in Resources */ = {isa = PBXBuildFile; fileRef = A1D158C61C1BFA770042DFA0 /* アナ雪.jpg */; };
		A1D158CA1C1BFA770042DFA0 /* エルサ.jpg in Resources */ = {isa = PBXBuildFile; fileRef = A1D158C71C1BFA770042DFA0 /* エルサ.jpg */; };
		A1D158CB1C1BFA770042DFA0 /* レリゴー.mp3 in Resources */ = {isa = PBXBuildFile; fileRef = A1D158C81C1BFA770042DFA0 /* レリゴー.mp3 */; };
		A1D158CF1C1BFA8B0042DFA0 /* 生まれて初めて.mp3 in Resources */ = {isa = PBXBuildFile; fileRef = A1D158CC1C1BFA8B0042DFA0 /* 生まれて初めて.mp3 */; };
		A1D158D01C1BFA8B0042DFA0 /* 扉開けて.jpg in Resources */ = {isa = PBXBuildFile; fileRef = A1D158CD1C1BFA8B0042DFA0 /* 扉開けて.jpg */; };
		A1D158D11C1BFA8B0042DFA0 /* 扉開けて.mp3 in Resources */ = {isa = PBXBuildFile; fileRef = A1D158CE1C1BFA8B0042DFA0 /* 扉開けて.mp3 */; };
/* End PBXBuildFile section */

/* Begin PBXContainerItemProxy section */
		A10493F51C1AD5BF00204BFC /* PBXContainerItemProxy */ = {
			isa = PBXContainerItemProxy;
			containerPortal = A10493D81C1AD5BF00204BFC /* Project object */;
			proxyType = 1;
			remoteGlobalIDString = A10493DF1C1AD5BF00204BFC;
			remoteInfo = TochPod;
		};
		A10494001C1AD5BF00204BFC /* PBXContainerItemProxy */ = {
			isa = PBXContainerItemProxy;
			containerPortal = A10493D81C1AD5BF00204BFC /* Project object */;
			proxyType = 1;
			remoteGlobalIDString = A10493DF1C1AD5BF00204BFC;
			remoteInfo = TochPod;
		};
/* End PBXContainerItemProxy section */

/* Begin PBXFileReference section */
		A10493E01C1AD5BF00204BFC /* TochPod.app */ = {isa = PBXFileReference; explicitFileType = wrapper.application; includeInIndex = 0; path = TochPod.app; sourceTree = BUILT_PRODUCTS_DIR; };
		A10493E31C1AD5BF00204BFC /* AppDelegate.swift */ = {isa = PBXFileReference; lastKnownFileType = sourcecode.swift; path = AppDelegate.swift; sourceTree = "<group>"; };
		A10493E51C1AD5BF00204BFC /* ViewController.swift */ = {isa = PBXFileReference; lastKnownFileType = sourcecode.swift; path = ViewController.swift; sourceTree = "<group>"; };
		A10493E81C1AD5BF00204BFC /* Base */ = {isa = PBXFileReference; lastKnownFileType = file.storyboard; name = Base; path = Base.lproj/Main.storyboard; sourceTree = "<group>"; };
		A10493EA1C1AD5BF00204BFC /* Assets.xcassets */ = {isa = PBXFileReference; lastKnownFileType = folder.assetcatalog; path = Assets.xcassets; sourceTree = "<group>"; };
		A10493ED1C1AD5BF00204BFC /* Base */ = {isa = PBXFileReference; lastKnownFileType = file.storyboard; name = Base; path = Base.lproj/LaunchScreen.storyboard; sourceTree = "<group>"; };
		A10493EF1C1AD5BF00204BFC /* Info.plist */ = {isa = PBXFileReference; lastKnownFileType = text.plist.xml; path = Info.plist; sourceTree = "<group>"; };
		A10493F41C1AD5BF00204BFC /* TochPodTests.xctest */ = {isa = PBXFileReference; explicitFileType = wrapper.cfbundle; includeInIndex = 0; path = TochPodTests.xctest; sourceTree = BUILT_PRODUCTS_DIR; };
		A10493F81C1AD5BF00204BFC /* TochPodTests.swift */ = {isa = PBXFileReference; lastKnownFileType = sourcecode.swift; path = TochPodTests.swift; sourceTree = "<group>"; };
		A10493FA1C1AD5BF00204BFC /* Info.plist */ = {isa = PBXFileReference; lastKnownFileType = text.plist.xml; path = Info.plist; sourceTree = "<group>"; };
		A10493FF1C1AD5BF00204BFC /* TochPodUITests.xctest */ = {isa = PBXFileReference; explicitFileType = wrapper.cfbundle; includeInIndex = 0; path = TochPodUITests.xctest; sourceTree = BUILT_PRODUCTS_DIR; };
		A10494031C1AD5BF00204BFC /* TochPodUITests.swift */ = {isa = PBXFileReference; lastKnownFileType = sourcecode.swift; path = TochPodUITests.swift; sourceTree = "<group>"; };
		A10494051C1AD5BF00204BFC /* Info.plist */ = {isa = PBXFileReference; lastKnownFileType = text.plist.xml; path = Info.plist; sourceTree = "<group>"; };
		A10494121C1AE3F000204BFC /* aria.mp3 */ = {isa = PBXFileReference; lastKnownFileType = audio.mp3; path = aria.mp3; sourceTree = "<group>"; };
		A10494131C1AE3F000204BFC /* cannon.mp3 */ = {isa = PBXFileReference; lastKnownFileType = audio.mp3; path = cannon.mp3; sourceTree = "<group>"; };
		A10494141C1AE3F000204BFC /* elise.mp3 */ = {isa = PBXFileReference; lastKnownFileType = audio.mp3; path = elise.mp3; sourceTree = "<group>"; };
		A10494181C1AE42A00204BFC /* AVFoundation.framework */ = {isa = PBXFileReference; lastKnownFileType = wrapper.framework; name = AVFoundation.framework; path = System/Library/Frameworks/AVFoundation.framework; sourceTree = SDKROOT; };
		A104941B1C1AE93E00204BFC /* Bach.jpg */ = {isa = PBXFileReference; lastKnownFileType = image.jpeg; path = Bach.jpg; sourceTree = "<group>"; };
		A104941C1C1AE93E00204BFC /* Beethoven.jpg */ = {isa = PBXFileReference; lastKnownFileType = image.jpeg; path = Beethoven.jpg; sourceTree = "<group>"; };
		A104941D1C1AE93E00204BFC /* Pachelbel.jpg */ = {isa = PBXFileReference; lastKnownFileType = image.jpeg; path = Pachelbel.jpg; sourceTree = "<group>"; };
		A1D158A21C1BB00F0042DFA0 /* Part of your World (japanese Version) ??????????????.mp3 */ = {isa = PBXFileReference; lastKnownFileType = audio.mp3; name = "Part of your World (japanese Version) ??????????????.mp3"; path = "../Part of your World (japanese Version) ??????????????.mp3"; sourceTree = "<group>"; };
		A1D158A81C1BB45D0042DFA0 /* 輝く未来.mp3 */ = {isa = PBXFileReference; lastKnownFileType = audio.mp3; name = "輝く未来.mp3"; path = "../輝く未来.mp3"; sourceTree = "<group>"; };
		A1D158AC1C1BDDCC0042DFA0 /* lapunzel.jpg */ = {isa = PBXFileReference; lastKnownFileType = image.jpeg; name = lapunzel.jpg; path = ../lapunzel.jpg; sourceTree = "<group>"; };
		A1D158AE1C1BDE580042DFA0 /* ariel.jpg */ = {isa = PBXFileReference; lastKnownFileType = image.jpeg; name = ariel.jpg; path = ../ariel.jpg; sourceTree = "<group>"; };
		A1D158B21C1BEDD90042DFA0 /* くまのプーさん.mp3 */ = {isa = PBXFileReference; lastKnownFileType = audio.mp3; name = "くまのプーさん.mp3"; path = "../くまのプーさん.mp3"; sourceTree = "<group>"; };
		A1D158B41C1BEE950042DFA0 /* pooh.jpg */ = {isa = PBXFileReference; lastKnownFileType = image.jpeg; name = pooh.jpg; path = ../pooh.jpg; sourceTree = "<group>"; };
		A1D158B61C1BEFB40042DFA0 /* アラジン.mp3 */ = {isa = PBXFileReference; lastKnownFileType = audio.mp3; name = "アラジン.mp3"; path = "../アラジン.mp3"; sourceTree = "<group>"; };
		A1D158B81C1BF0E10042DFA0 /* aladdin.jpg */ = {isa = PBXFileReference; lastKnownFileType = image.jpeg; name = aladdin.jpg; path = ../aladdin.jpg; sourceTree = "<group>"; };
		A1D158BA1C1BF3120042DFA0 /* ?????????????????????????.mp3 */ = {isa = PBXFileReference; lastKnownFileType = audio.mp3; name = "?????????????????????????.mp3"; path = "../?????????????????????????.mp3"; sourceTree = "<group>"; };
		A1D158BC1C1BF3200042DFA0 /* チャンドゥ.jpg */ = {isa = PBXFileReference; lastKnownFileType = image.jpeg; name = "チャンドゥ.jpg"; path = "../チャンドゥ.jpg"; sourceTree = "<group>"; };
		A1D158BE1C1BF4760042DFA0 /* Under the Sea .mp3 */ = {isa = PBXFileReference; lastKnownFileType = audio.mp3; name = "Under the Sea .mp3"; path = "../Under the Sea .mp3"; sourceTree = "<group>"; };
		A1D158C01C1BF56C0042DFA0 /* Ariel2.jpg */ = {isa = PBXFileReference; lastKnownFileType = image.jpeg; name = Ariel2.jpg; path = ../Ariel2.jpg; sourceTree = "<group>"; };
		A1D158C21C1BF6B50042DFA0 /* pinokio.jpg */ = {isa = PBXFileReference; lastKnownFileType = image.jpeg; name = pinokio.jpg; path = ../pinokio.jpg; sourceTree = "<group>"; };
		A1D158C41C1BF6BD0042DFA0 /* ピノキオ.mp3 */ = {isa = PBXFileReference; lastKnownFileType = audio.mp3; name = "ピノキオ.mp3"; path = "../ピノキオ.mp3"; sourceTree = "<group>"; };
		A1D158C61C1BFA770042DFA0 /* アナ雪.jpg */ = {isa = PBXFileReference; lastKnownFileType = image.jpeg; name = "アナ雪.jpg"; path = "../アナ雪.jpg"; sourceTree = "<group>"; };
		A1D158C71C1BFA770042DFA0 /* エルサ.jpg */ = {isa = PBXFileReference; lastKnownFileType = image.jpeg; name = "エルサ.jpg"; path = "../エルサ.jpg"; sourceTree = "<group>"; };
		A1D158C81C1BFA770042DFA0 /* レリゴー.mp3 */ = {isa = PBXFileReference; lastKnownFileType = audio.mp3; name = "レリゴー.mp3"; path = "../レリゴー.mp3"; sourceTree = "<group>"; };
		A1D158CC1C1BFA8B0042DFA0 /* 生まれて初めて.mp3 */ = {isa = PBXFileReference; lastKnownFileType = audio.mp3; name = "生まれて初めて.mp3"; path = "../生まれて初めて.mp3"; sourceTree = "<group>"; };
		A1D158CD1C1BFA8B0042DFA0 /* 扉開けて.jpg */ = {isa = PBXFileReference; lastKnownFileType = image.jpeg; name = "扉開けて.jpg"; path = "../扉開けて.jpg"; sourceTree = "<group>"; };
		A1D158CE1C1BFA8B0042DFA0 /* 扉開けて.mp3 */ = {isa = PBXFileReference; lastKnownFileType = audio.mp3; name = "扉開けて.mp3"; path = "../扉開けて.mp3"; sourceTree = "<group>"; };
/* End PBXFileReference section */

/* Begin PBXFrameworksBuildPhase section */
		A10493DD1C1AD5BF00204BFC /* Frameworks */ = {
			isa = PBXFrameworksBuildPhase;
			buildActionMask = 2147483647;
			files = (
				A10494191C1AE42A00204BFC /* AVFoundation.framework in Frameworks */,
			);
			runOnlyForDeploymentPostprocessing = 0;
		};
		A10493F11C1AD5BF00204BFC /* Frameworks */ = {
			isa = PBXFrameworksBuildPhase;
			buildActionMask = 2147483647;
			files = (
			);
			runOnlyForDeploymentPostprocessing = 0;
		};
		A10493FC1C1AD5BF00204BFC /* Frameworks */ = {
			isa = PBXFrameworksBuildPhase;
			buildActionMask = 2147483647;
			files = (
			);
			runOnlyForDeploymentPostprocessing = 0;
		};
/* End PBXFrameworksBuildPhase section */

/* Begin PBXGroup section */
		A10493D71C1AD5BF00204BFC = {
			isa = PBXGroup;
			children = (
				A104941A1C1AE93E00204BFC /* Images */,
				A10494181C1AE42A00204BFC /* AVFoundation.framework */,
				A10494111C1AE3F000204BFC /* Songs */,
				A10493E21C1AD5BF00204BFC /* TochPod */,
				A10493F71C1AD5BF00204BFC /* TochPodTests */,
				A10494021C1AD5BF00204BFC /* TochPodUITests */,
				A10493E11C1AD5BF00204BFC /* Products */,
			);
			sourceTree = "<group>";
		};
		A10493E11C1AD5BF00204BFC /* Products */ = {
			isa = PBXGroup;
			children = (
				A10493E01C1AD5BF00204BFC /* TochPod.app */,
				A10493F41C1AD5BF00204BFC /* TochPodTests.xctest */,
				A10493FF1C1AD5BF00204BFC /* TochPodUITests.xctest */,
			);
			name = Products;
			sourceTree = "<group>";
		};
		A10493E21C1AD5BF00204BFC /* TochPod */ = {
			isa = PBXGroup;
			children = (
				A10493E31C1AD5BF00204BFC /* AppDelegate.swift */,
				A10493E51C1AD5BF00204BFC /* ViewController.swift */,
				A10493E71C1AD5BF00204BFC /* Main.storyboard */,
				A10493EA1C1AD5BF00204BFC /* Assets.xcassets */,
				A10493EC1C1AD5BF00204BFC /* LaunchScreen.storyboard */,
				A10493EF1C1AD5BF00204BFC /* Info.plist */,
			);
			path = TochPod;
			sourceTree = "<group>";
		};
		A10493F71C1AD5BF00204BFC /* TochPodTests */ = {
			isa = PBXGroup;
			children = (
				A10493F81C1AD5BF00204BFC /* TochPodTests.swift */,
				A10493FA1C1AD5BF00204BFC /* Info.plist */,
			);
			path = TochPodTests;
			sourceTree = "<group>";
		};
		A10494021C1AD5BF00204BFC /* TochPodUITests */ = {
			isa = PBXGroup;
			children = (
				A10494031C1AD5BF00204BFC /* TochPodUITests.swift */,
				A10494051C1AD5BF00204BFC /* Info.plist */,
			);
			path = TochPodUITests;
			sourceTree = "<group>";
		};
		A10494111C1AE3F000204BFC /* Songs */ = {
			isa = PBXGroup;
			children = (
				A1D158CC1C1BFA8B0042DFA0 /* 生まれて初めて.mp3 */,
				A1D158CE1C1BFA8B0042DFA0 /* 扉開けて.mp3 */,
				A1D158C81C1BFA770042DFA0 /* レリゴー.mp3 */,
				A1D158C41C1BF6BD0042DFA0 /* ピノキオ.mp3 */,
				A1D158BE1C1BF4760042DFA0 /* Under the Sea .mp3 */,
				A1D158BA1C1BF3120042DFA0 /* ?????????????????????????.mp3 */,
				A1D158B61C1BEFB40042DFA0 /* アラジン.mp3 */,
				A1D158B21C1BEDD90042DFA0 /* くまのプーさん.mp3 */,
				A1D158A21C1BB00F0042DFA0 /* Part of your World (japanese Version) ??????????????.mp3 */,
				A1D158A81C1BB45D0042DFA0 /* 輝く未来.mp3 */,
				A10494121C1AE3F000204BFC /* aria.mp3 */,
				A10494131C1AE3F000204BFC /* cannon.mp3 */,
				A10494141C1AE3F000204BFC /* elise.mp3 */,
			);
			path = Songs;
			sourceTree = "<group>";
		};
		A104941A1C1AE93E00204BFC /* Images */ = {
			isa = PBXGroup;
			children = (
				A1D158C61C1BFA770042DFA0 /* アナ雪.jpg */,
				A1D158CD1C1BFA8B0042DFA0 /* 扉開けて.jpg */,
				A1D158C71C1BFA770042DFA0 /* エルサ.jpg */,
				A1D158C21C1BF6B50042DFA0 /* pinokio.jpg */,
				A1D158C01C1BF56C0042DFA0 /* Ariel2.jpg */,
				A1D158BC1C1BF3200042DFA0 /* チャンドゥ.jpg */,
				A1D158B81C1BF0E10042DFA0 /* aladdin.jpg */,
				A1D158B41C1BEE950042DFA0 /* pooh.jpg */,
				A1D158AE1C1BDE580042DFA0 /* ariel.jpg */,
				A1D158AC1C1BDDCC0042DFA0 /* lapunzel.jpg */,
				A104941B1C1AE93E00204BFC /* Bach.jpg */,
				A104941C1C1AE93E00204BFC /* Beethoven.jpg */,
				A104941D1C1AE93E00204BFC /* Pachelbel.jpg */,
			);
			path = Images;
			sourceTree = "<group>";
		};
/* End PBXGroup section */

/* Begin PBXNativeTarget section */
		A10493DF1C1AD5BF00204BFC /* TochPod */ = {
			isa = PBXNativeTarget;
			buildConfigurationList = A10494081C1AD5BF00204BFC /* Build configuration list for PBXNativeTarget "TochPod" */;
			buildPhases = (
				A10493DC1C1AD5BF00204BFC /* Sources */,
				A10493DD1C1AD5BF00204BFC /* Frameworks */,
				A10493DE1C1AD5BF00204BFC /* Resources */,
			);
			buildRules = (
			);
			dependencies = (
			);
			name = TochPod;
			productName = TochPod;
			productReference = A10493E01C1AD5BF00204BFC /* TochPod.app */;
			productType = "com.apple.product-type.application";
		};
		A10493F31C1AD5BF00204BFC /* TochPodTests */ = {
			isa = PBXNativeTarget;
			buildConfigurationList = A104940B1C1AD5BF00204BFC /* Build configuration list for PBXNativeTarget "TochPodTests" */;
			buildPhases = (
				A10493F01C1AD5BF00204BFC /* Sources */,
				A10493F11C1AD5BF00204BFC /* Frameworks */,
				A10493F21C1AD5BF00204BFC /* Resources */,
			);
			buildRules = (
			);
			dependencies = (
				A10493F61C1AD5BF00204BFC /* PBXTargetDependency */,
			);
			name = TochPodTests;
			productName = TochPodTests;
			productReference = A10493F41C1AD5BF00204BFC /* TochPodTests.xctest */;
			productType = "com.apple.product-type.bundle.unit-test";
		};
		A10493FE1C1AD5BF00204BFC /* TochPodUITests */ = {
			isa = PBXNativeTarget;
			buildConfigurationList = A104940E1C1AD5BF00204BFC /* Build configuration list for PBXNativeTarget "TochPodUITests" */;
			buildPhases = (
				A10493FB1C1AD5BF00204BFC /* Sources */,
				A10493FC1C1AD5BF00204BFC /* Frameworks */,
				A10493FD1C1AD5BF00204BFC /* Resources */,
			);
			buildRules = (
			);
			dependencies = (
				A10494011C1AD5BF00204BFC /* PBXTargetDependency */,
			);
			name = TochPodUITests;
			productName = TochPodUITests;
			productReference = A10493FF1C1AD5BF00204BFC /* TochPodUITests.xctest */;
			productType = "com.apple.product-type.bundle.ui-testing";
		};
/* End PBXNativeTarget section */

/* Begin PBXProject section */
		A10493D81C1AD5BF00204BFC /* Project object */ = {
			isa = PBXProject;
			attributes = {
				LastSwiftUpdateCheck = 0720;
				LastUpgradeCheck = 0720;
				ORGANIZATIONNAME = "石森愛海";
				TargetAttributes = {
					A10493DF1C1AD5BF00204BFC = {
						CreatedOnToolsVersion = 7.2;
						DevelopmentTeam = JQ6AUCT297;
						SystemCapabilities = {
							com.apple.BackgroundModes = {
								enabled = 1;
							};
						};
					};
					A10493F31C1AD5BF00204BFC = {
						CreatedOnToolsVersion = 7.2;
						DevelopmentTeam = JQ6AUCT297;
						TestTargetID = A10493DF1C1AD5BF00204BFC;
					};
					A10493FE1C1AD5BF00204BFC = {
						CreatedOnToolsVersion = 7.2;
						DevelopmentTeam = JQ6AUCT297;
						TestTargetID = A10493DF1C1AD5BF00204BFC;
					};
				};
			};
			buildConfigurationList = A10493DB1C1AD5BF00204BFC /* Build configuration list for PBXProject "TochPod" */;
			compatibilityVersion = "Xcode 3.2";
			developmentRegion = English;
			hasScannedForEncodings = 0;
			knownRegions = (
				en,
				Base,
			);
			mainGroup = A10493D71C1AD5BF00204BFC;
			productRefGroup = A10493E11C1AD5BF00204BFC /* Products */;
			projectDirPath = "";
			projectRoot = "";
			targets = (
				A10493DF1C1AD5BF00204BFC /* TochPod */,
				A10493F31C1AD5BF00204BFC /* TochPodTests */,
				A10493FE1C1AD5BF00204BFC /* TochPodUITests */,
			);
		};
/* End PBXProject section */

/* Begin PBXResourcesBuildPhase section */
		A10493DE1C1AD5BF00204BFC /* Resources */ = {
			isa = PBXResourcesBuildPhase;
			buildActionMask = 2147483647;
			files = (
				A10494201C1AE93E00204BFC /* Pachelbel.jpg in Resources */,
				A1D158CF1C1BFA8B0042DFA0 /* 生まれて初めて.mp3 in Resources */,
				A1D158D01C1BFA8B0042DFA0 /* 扉開けて.jpg in Resources */,
				A1D158C51C1BF6BD0042DFA0 /* ピノキオ.mp3 in Resources */,
				A1D158BD1C1BF3200042DFA0 /* チャンドゥ.jpg in Resources */,
				A1D158B51C1BEE950042DFA0 /* pooh.jpg in Resources */,
				A10493EE1C1AD5BF00204BFC /* LaunchScreen.storyboard in Resources */,
				A1D158BF1C1BF4760042DFA0 /* Under the Sea .mp3 in Resources */,
				A1D158C11C1BF56C0042DFA0 /* Ariel2.jpg in Resources */,
				A10493EB1C1AD5BF00204BFC /* Assets.xcassets in Resources */,
				A1D158A31C1BB00F0042DFA0 /* Part of your World (japanese Version) ??????????????.mp3 in Resources */,
				A1D158B71C1BEFB40042DFA0 /* アラジン.mp3 in Resources */,
				A10493E91C1AD5BF00204BFC /* Main.storyboard in Resources */,
				A104941E1C1AE93E00204BFC /* Bach.jpg in Resources */,
				A1D158C91C1BFA770042DFA0 /* アナ雪.jpg in Resources */,
				A1D158C31C1BF6B50042DFA0 /* pinokio.jpg in Resources */,
				A1D158CA1C1BFA770042DFA0 /* エルサ.jpg in Resources */,
				A1D158B91C1BF0E10042DFA0 /* aladdin.jpg in Resources */,
				A104941F1C1AE93E00204BFC /* Beethoven.jpg in Resources */,
				A1D158CB1C1BFA770042DFA0 /* レリゴー.mp3 in Resources */,
				A10494161C1AE3F000204BFC /* cannon.mp3 in Resources */,
				A1D158A91C1BB45D0042DFA0 /* 輝く未来.mp3 in Resources */,
				A1D158BB1C1BF3120042DFA0 /* ?????????????????????????.mp3 in Resources */,
				A1D158AD1C1BDDCC0042DFA0 /* lapunzel.jpg in Resources */,
				A1D158B31C1BEDD90042DFA0 /* くまのプーさん.mp3 in Resources */,
				A10494151C1AE3F000204BFC /* aria.mp3 in Resources */,
				A1D158D11C1BFA8B0042DFA0 /* 扉開けて.mp3 in Resources */,
				A1D158AF1C1BDE580042DFA0 /* ariel.jpg in Resources */,
				A10494171C1AE3F000204BFC /* elise.mp3 in Resources */,
			);
			runOnlyForDeploymentPostprocessing = 0;
		};
		A10493F21C1AD5BF00204BFC /* Resources */ = {
			isa = PBXResourcesBuildPhase;
			buildActionMask = 2147483647;
			files = (
			);
			runOnlyForDeploymentPostprocessing = 0;
		};
		A10493FD1C1AD5BF00204BFC /* Resources */ = {
			isa = PBXResourcesBuildPhase;
			buildActionMask = 2147483647;
			files = (
			);
			runOnlyForDeploymentPostprocessing = 0;
		};
/* End PBXResourcesBuildPhase section */

/* Begin PBXSourcesBuildPhase section */
		A10493DC1C1AD5BF00204BFC /* Sources */ = {
			isa = PBXSourcesBuildPhase;
			buildActionMask = 2147483647;
			files = (
				A10493E61C1AD5BF00204BFC /* ViewController.swift in Sources */,
				A10493E41C1AD5BF00204BFC /* AppDelegate.swift in Sources */,
			);
			runOnlyForDeploymentPostprocessing = 0;
		};
		A10493F01C1AD5BF00204BFC /* Sources */ = {
			isa = PBXSourcesBuildPhase;
			buildActionMask = 2147483647;
			files = (
				A10493F91C1AD5BF00204BFC /* TochPodTests.swift in Sources */,
			);
			runOnlyForDeploymentPostprocessing = 0;
		};
		A10493FB1C1AD5BF00204BFC /* Sources */ = {
			isa = PBXSourcesBuildPhase;
			buildActionMask = 2147483647;
			files = (
				A10494041C1AD5BF00204BFC /* TochPodUITests.swift in Sources */,
			);
			runOnlyForDeploymentPostprocessing = 0;
		};
/* End PBXSourcesBuildPhase section */

/* Begin PBXTargetDependency section */
		A10493F61C1AD5BF00204BFC /* PBXTargetDependency */ = {
			isa = PBXTargetDependency;
			target = A10493DF1C1AD5BF00204BFC /* TochPod */;
			targetProxy = A10493F51C1AD5BF00204BFC /* PBXContainerItemProxy */;
		};
		A10494011C1AD5BF00204BFC /* PBXTargetDependency */ = {
			isa = PBXTargetDependency;
			target = A10493DF1C1AD5BF00204BFC /* TochPod */;
			targetProxy = A10494001C1AD5BF00204BFC /* PBXContainerItemProxy */;
		};
/* End PBXTargetDependency section */

/* Begin PBXVariantGroup section */
		A10493E71C1AD5BF00204BFC /* Main.storyboard */ = {
			isa = PBXVariantGroup;
			children = (
				A10493E81C1AD5BF00204BFC /* Base */,
			);
			name = Main.storyboard;
			sourceTree = "<group>";
		};
		A10493EC1C1AD5BF00204BFC /* LaunchScreen.storyboard */ = {
			isa = PBXVariantGroup;
			children = (
				A10493ED1C1AD5BF00204BFC /* Base */,
			);
			name = LaunchScreen.storyboard;
			sourceTree = "<group>";
		};
/* End PBXVariantGroup section */

/* Begin XCBuildConfiguration section */
		A10494061C1AD5BF00204BFC /* Debug */ = {
			isa = XCBuildConfiguration;
			buildSettings = {
				ALWAYS_SEARCH_USER_PATHS = NO;
				CLANG_CXX_LANGUAGE_STANDARD = "gnu++0x";
				CLANG_CXX_LIBRARY = "libc++";
				CLANG_ENABLE_MODULES = YES;
				CLANG_ENABLE_OBJC_ARC = YES;
				CLANG_WARN_BOOL_CONVERSION = YES;
				CLANG_WARN_CONSTANT_CONVERSION = YES;
				CLANG_WARN_DIRECT_OBJC_ISA_USAGE = YES_ERROR;
				CLANG_WARN_EMPTY_BODY = YES;
				CLANG_WARN_ENUM_CONVERSION = YES;
				CLANG_WARN_INT_CONVERSION = YES;
				CLANG_WARN_OBJC_ROOT_CLASS = YES_ERROR;
				CLANG_WARN_UNREACHABLE_CODE = YES;
				CLANG_WARN__DUPLICATE_METHOD_MATCH = YES;
				"CODE_SIGN_IDENTITY[sdk=iphoneos*]" = "iPhone Developer";
				COPY_PHASE_STRIP = NO;
				DEBUG_INFORMATION_FORMAT = dwarf;
				ENABLE_STRICT_OBJC_MSGSEND = YES;
				ENABLE_TESTABILITY = YES;
				GCC_C_LANGUAGE_STANDARD = gnu99;
				GCC_DYNAMIC_NO_PIC = NO;
				GCC_NO_COMMON_BLOCKS = YES;
				GCC_OPTIMIZATION_LEVEL = 0;
				GCC_PREPROCESSOR_DEFINITIONS = (
					"DEBUG=1",
					"$(inherited)",
				);
				GCC_WARN_64_TO_32_BIT_CONVERSION = YES;
				GCC_WARN_ABOUT_RETURN_TYPE = YES_ERROR;
				GCC_WARN_UNDECLARED_SELECTOR = YES;
				GCC_WARN_UNINITIALIZED_AUTOS = YES_AGGRESSIVE;
				GCC_WARN_UNUSED_FUNCTION = YES;
				GCC_WARN_UNUSED_VARIABLE = YES;
				IPHONEOS_DEPLOYMENT_TARGET = 9.2;
				MTL_ENABLE_DEBUG_INFO = YES;
				ONLY_ACTIVE_ARCH = YES;
				SDKROOT = iphoneos;
				SWIFT_OPTIMIZATION_LEVEL = "-Onone";
			};
			name = Debug;
		};
		A10494071C1AD5BF00204BFC /* Release */ = {
			isa = XCBuildConfiguration;
			buildSettings = {
				ALWAYS_SEARCH_USER_PATHS = NO;
				CLANG_CXX_LANGUAGE_STANDARD = "gnu++0x";
				CLANG_CXX_LIBRARY = "libc++";
				CLANG_ENABLE_MODULES = YES;
				CLANG_ENABLE_OBJC_ARC = YES;
				CLANG_WARN_BOOL_CONVERSION = YES;
				CLANG_WARN_CONSTANT_CONVERSION = YES;
				CLANG_WARN_DIRECT_OBJC_ISA_USAGE = YES_ERROR;
				CLANG_WARN_EMPTY_BODY = YES;
				CLANG_WARN_ENUM_CONVERSION = YES;
				CLANG_WARN_INT_CONVERSION = YES;
				CLANG_WARN_OBJC_ROOT_CLASS = YES_ERROR;
				CLANG_WARN_UNREACHABLE_CODE = YES;
				CLANG_WARN__DUPLICATE_METHOD_MATCH = YES;
				"CODE_SIGN_IDENTITY[sdk=iphoneos*]" = "iPhone Developer";
				COPY_PHASE_STRIP = NO;
				DEBUG_INFORMATION_FORMAT = "dwarf-with-dsym";
				ENABLE_NS_ASSERTIONS = NO;
				ENABLE_STRICT_OBJC_MSGSEND = YES;
				GCC_C_LANGUAGE_STANDARD = gnu99;
				GCC_NO_COMMON_BLOCKS = YES;
				GCC_WARN_64_TO_32_BIT_CONVERSION = YES;
				GCC_WARN_ABOUT_RETURN_TYPE = YES_ERROR;
				GCC_WARN_UNDECLARED_SELECTOR = YES;
				GCC_WARN_UNINITIALIZED_AUTOS = YES_AGGRESSIVE;
				GCC_WARN_UNUSED_FUNCTION = YES;
				GCC_WARN_UNUSED_VARIABLE = YES;
				IPHONEOS_DEPLOYMENT_TARGET = 9.2;
				MTL_ENABLE_DEBUG_INFO = NO;
				SDKROOT = iphoneos;
				VALIDATE_PRODUCT = YES;
			};
			name = Release;
		};
		A10494091C1AD5BF00204BFC /* Debug */ = {
			isa = XCBuildConfiguration;
			buildSettings = {
				ASSETCATALOG_COMPILER_APPICON_NAME = AppIcon;
				CODE_SIGN_IDENTITY = "iPhone Developer";
				INFOPLIST_FILE = TochPod/Info.plist;
				LD_RUNPATH_SEARCH_PATHS = "$(inherited) @executable_path/Frameworks";
				PRODUCT_BUNDLE_IDENTIFIER = com.liti.TochPod;
				PRODUCT_NAME = "$(TARGET_NAME)";
			};
			name = Debug;
		};
		A104940A1C1AD5BF00204BFC /* Release */ = {
			isa = XCBuildConfiguration;
			buildSettings = {
				ASSETCATALOG_COMPILER_APPICON_NAME = AppIcon;
				CODE_SIGN_IDENTITY = "iPhone Developer";
				INFOPLIST_FILE = TochPod/Info.plist;
				LD_RUNPATH_SEARCH_PATHS = "$(inherited) @executable_path/Frameworks";
				PRODUCT_BUNDLE_IDENTIFIER = com.liti.TochPod;
				PRODUCT_NAME = "$(TARGET_NAME)";
			};
			name = Release;
		};
		A104940C1C1AD5BF00204BFC /* Debug */ = {
			isa = XCBuildConfiguration;
			buildSettings = {
				BUNDLE_LOADER = "$(TEST_HOST)";
				INFOPLIST_FILE = TochPodTests/Info.plist;
				LD_RUNPATH_SEARCH_PATHS = "$(inherited) @executable_path/Frameworks @loader_path/Frameworks";
				PRODUCT_BUNDLE_IDENTIFIER = com.litech.TochPodTests;
				PRODUCT_NAME = "$(TARGET_NAME)";
				TEST_HOST = "$(BUILT_PRODUCTS_DIR)/TochPod.app/TochPod";
			};
			name = Debug;
		};
		A104940D1C1AD5BF00204BFC /* Release */ = {
			isa = XCBuildConfiguration;
			buildSettings = {
				BUNDLE_LOADER = "$(TEST_HOST)";
				INFOPLIST_FILE = TochPodTests/Info.plist;
				LD_RUNPATH_SEARCH_PATHS = "$(inherited) @executable_path/Frameworks @loader_path/Frameworks";
				PRODUCT_BUNDLE_IDENTIFIER = com.litech.TochPodTests;
				PRODUCT_NAME = "$(TARGET_NAME)";
				TEST_HOST = "$(BUILT_PRODUCTS_DIR)/TochPod.app/TochPod";
			};
			name = Release;
		};
		A104940F1C1AD5BF00204BFC /* Debug */ = {
			isa = XCBuildConfiguration;
			buildSettings = {
				INFOPLIST_FILE = TochPodUITests/Info.plist;
				LD_RUNPATH_SEARCH_PATHS = "$(inherited) @executable_path/Frameworks @loader_path/Frameworks";
				PRODUCT_BUNDLE_IDENTIFIER = com.litech.TochPodUITests;
				PRODUCT_NAME = "$(TARGET_NAME)";
				TEST_TARGET_NAME = TochPod;
				USES_XCTRUNNER = YES;
			};
			name = Debug;
		};
		A10494101C1AD5BF00204BFC /* Release */ = {
			isa = XCBuildConfiguration;
			buildSettings = {
				INFOPLIST_FILE = TochPodUITests/Info.plist;
				LD_RUNPATH_SEARCH_PATHS = "$(inherited) @executable_path/Frameworks @loader_path/Frameworks";
				PRODUCT_BUNDLE_IDENTIFIER = com.litech.TochPodUITests;
				PRODUCT_NAME = "$(TARGET_NAME)";
				TEST_TARGET_NAME = TochPod;
				USES_XCTRUNNER = YES;
			};
			name = Release;
		};
/* End XCBuildConfiguration section */

/* Begin XCConfigurationList section */
		A10493DB1C1AD5BF00204BFC /* Build configuration list for PBXProject "TochPod" */ = {
			isa = XCConfigurationList;
			buildConfigurations = (
				A10494061C1AD5BF00204BFC /* Debug */,
				A10494071C1AD5BF00204BFC /* Release */,
			);
			defaultConfigurationIsVisible = 0;
			defaultConfigurationName = Release;
		};
		A10494081C1AD5BF00204BFC /* Build configuration list for PBXNativeTarget "TochPod" */ = {
			isa = XCConfigurationList;
			buildConfigurations = (
				A10494091C1AD5BF00204BFC /* Debug */,
				A104940A1C1AD5BF00204BFC /* Release */,
			);
			defaultConfigurationIsVisible = 0;
			defaultConfigurationName = Release;
		};
		A104940B1C1AD5BF00204BFC /* Build configuration list for PBXNativeTarget "TochPodTests" */ = {
			isa = XCConfigurationList;
			buildConfigurations = (
				A104940C1C1AD5BF00204BFC /* Debug */,
				A104940D1C1AD5BF00204BFC /* Release */,
			);
			defaultConfigurationIsVisible = 0;
			defaultConfigurationName = Release;
		};
		A104940E1C1AD5BF00204BFC /* Build configuration list for PBXNativeTarget "TochPodUITests" */ = {
			isa = XCConfigurationList;
			buildConfigurations = (
				A104940F1C1AD5BF00204BFC /* Debug */,
				A10494101C1AD5BF00204BFC /* Release */,
			);
			defaultConfigurationIsVisible = 0;
			defaultConfigurationName = Release;
		};
/* End XCConfigurationList section */
	};
	rootObject = A10493D81C1AD5BF00204BFC /* Project object */;
}
